<?xml version="1.0" encoding="utf-8"?>
<Project ToolsVersion="4.0" xmlns="http://schemas.microsoft.com/developer/msbuild/2003">
  <ItemGroup>
    <Filter Include="Basic Functions">
      <UniqueIdentifier>{325f1eb8-f9b9-4882-8d3a-ec19e1d8f06a}</UniqueIdentifier>
    </Filter>
    <Filter Include="CPP Implementation">
      <UniqueIdentifier>{3b070fe0-be97-48e6-b2a1-39ae01d0d66f}</UniqueIdentifier>
    </Filter>
    <Filter Include="CUDA Implementation">
      <UniqueIdentifier>{c99be135-728a-436b-b5fa-dbe24fd28690}</UniqueIdentifier>
    </Filter>
    <Filter Include="IO Packages">
      <UniqueIdentifier>{92d3d453-24de-48d5-ba33-affbef1f87c2}</UniqueIdentifier>
    </Filter>
    <Filter Include="Hash Collision Test">
      <UniqueIdentifier>{8dc52765-a129-43f0-a606-f334b85c5c4c}</UniqueIdentifier>
    </Filter>
  </ItemGroup>
  <ItemGroup>
    <ClCompile Include="RabinHash.cpp">
      <Filter>Basic Functions</Filter>
    </ClCompile>
    <ClCompile Include="RedundancyEliminator_CPP.cpp">
      <Filter>CPP Implementation</Filter>
    </ClCompile>
    <ClCompile Include="Main.cpp" />
    <ClCompile Include="FixedSizedCharArray.cpp">
      <Filter>Basic Functions</Filter>
    </ClCompile>
    <ClCompile Include="NaiveCpp.cpp">
      <Filter>CPP Implementation</Filter>
    </ClCompile>
    <ClCompile Include="CppPipeline.cpp">
      <Filter>CPP Implementation</Filter>
    </ClCompile>
    <ClCompile Include="Harens.cpp">
      <Filter>CUDA Implementation</Filter>
    </ClCompile>
    <ClCompile Include="CudaAcceleratedAlg.cpp">
      <Filter>CUDA Implementation</Filter>
    </ClCompile>
    <ClCompile Include="IO.cpp">
      <Filter>IO Packages</Filter>
    </ClCompile>
    <ClCompile Include="PcapReader.cpp">
      <Filter>IO Packages</Filter>
    </ClCompile>
    <ClCompile Include="HashCollisionTest.cpp">
      <Filter>Hash Collision Test</Filter>
    </ClCompile>
    <ClCompile Include="RedundancyEliminator_CPP_CollisionTest.cpp">
      <Filter>Hash Collision Test</Filter>
    </ClCompile>
    <ClCompile Include="PlainFileReader.cpp">
      <Filter>IO Packages</Filter>
    </ClCompile>
  </ItemGroup>
  <ItemGroup>
    <ClInclude Include="Definition.h">
      <Filter>Basic Functions</Filter>
    </ClInclude>
    <ClInclude Include="RabinHash.h">
      <Filter>Basic Functions</Filter>
    </ClInclude>
    <ClInclude Include="RedundancyEliminator_CPP.h">
      <Filter>CPP Implementation</Filter>
    </ClInclude>
    <ClInclude Include="RedundancyEliminator_CUDA.h">
      <Filter>CUDA Implementation</Filter>
    </ClInclude>
    <ClInclude Include="FixedSizedCharArray.h">
      <Filter>Basic Functions</Filter>
    </ClInclude>
    <ClInclude Include="NaiveCpp.h">
      <Filter>CPP Implementation</Filter>
    </ClInclude>
    <ClInclude Include="CppPipeline.h">
      <Filter>CPP Implementation</Filter>
    </ClInclude>
    <ClInclude Include="Harens.h">
      <Filter>CUDA Implementation</Filter>
    </ClInclude>
    <ClInclude Include="CudaAcceleratedAlg.h">
      <Filter>CUDA Implementation</Filter>
    </ClInclude>
    <ClInclude Include="IO.h">
      <Filter>IO Packages</Filter>
    </ClInclude>
    <ClInclude Include="PcapReader.h">
      <Filter>IO Packages</Filter>
    </ClInclude>
    <ClInclude Include="HashCollisionTest.h">
      <Filter>Hash Collision Test</Filter>
    </ClInclude>
    <ClInclude Include="RedundancyEliminator_CPP_CollisionTest.h">
      <Filter>Hash Collision Test</Filter>
    </ClInclude>
    <ClInclude Include="LRUStrHash.h">
      <Filter>Basic Functions</Filter>
    </ClInclude>
    <ClInclude Include="LRUStrHashPool.h">
      <Filter>Basic Functions</Filter>
    </ClInclude>
    <ClInclude Include="LRUVirtualHash.h">
      <Filter>Basic Functions</Filter>
    </ClInclude>
    <ClInclude Include="LRUHash.h">
      <Filter>Basic Functions</Filter>
    </ClInclude>
    <ClInclude Include="EncryptionHashes.h">
      <Filter>Basic Functions</Filter>
    </ClInclude>
    <ClInclude Include="CircularQueuePool.h">
      <Filter>Basic Functions</Filter>
    </ClInclude>
    <ClInclude Include="LRUQueue.h">
      <Filter>Basic Functions</Filter>
    </ClInclude>
    <ClInclude Include="VritualReader.h">
      <Filter>IO Packages</Filter>
    </ClInclude>
    <ClInclude Include="PlainFileReader.h">
      <Filter>IO Packages</Filter>
    </ClInclude>
  </ItemGroup>
  <ItemGroup>
    <CudaCompile Include="RedundancyEliminator_CUDA.cu">
      <Filter>CUDA Implementation</Filter>
    </CudaCompile>
  </ItemGroup>
  <ItemGroup>
    <None Include="makefile" />
  </ItemGroup>
</Project>